
Microsoft Visual Studio Solution File, Format Version 12.00
# Visual Studio Version 17
VisualStudioVersion = 17.1.32421.90
MinimumVisualStudioVersion = 10.0.40219.1
Project("{888888A0-9F3D-457C-B088-3A5042F75D52}") = "pythontutorial", "pythontutorial\pythontutorial.pyproj", "{ED16C459-46CA-4B3F-837C-2AB4240EB282}"
EndProject
Global
	GlobalSection(SolutionConfigurationPlatforms) = preSolution
		Debug|Any CPU = Debug|Any CPU
		Release|Any CPU = Release|Any CPU
	EndGlobalSection
	GlobalSection(ProjectConfigurationPlatforms) = postSolution
		{ED16C459-46CA-4B3F-837C-2AB4240EB282}.Debug|Any CPU.ActiveCfg = Debug|Any CPU
		{ED16C459-46CA-4B3F-837C-2AB4240EB282}.Release|Any CPU.ActiveCfg = Release|Any CPU
	EndGlobalSection
	GlobalSection(SolutionProperties) = preSolution
		HideSolutionNode = FALSE
	EndGlobalSection
	GlobalSection(ExtensibilityGlobals) = postSolution
		SolutionGuid = {0B62E863-A825-41A5-89E6-926F8A7FA27F}
	EndGlobalSection
EndGlobal
